// !$*UTF8*$!
{
	archiveVersion = 1;
	classes = {
	};
	objectVersion = 56;
	objects = {

/* Begin PBXBuildFile section */
		821BC5AF2B7B03E000798E22 /* GlobalVars.swift in Sources */ = {isa = PBXBuildFile; fileRef = 821BC5AE2B7B03E000798E22 /* GlobalVars.swift */; };
		990024552B7B2F9900F94DF7 /* BackMenuFragment.swift in Sources */ = {isa = PBXBuildFile; fileRef = 990024542B7B2F9900F94DF7 /* BackMenuFragment.swift */; };
		990024572B7B4C7E00F94DF7 /* UserDefaultsEnum.swift in Sources */ = {isa = PBXBuildFile; fileRef = 990024562B7B4C7E00F94DF7 /* UserDefaultsEnum.swift */; };
		990024592B7B515700F94DF7 /* DataAccess.swift in Sources */ = {isa = PBXBuildFile; fileRef = 990024582B7B515700F94DF7 /* DataAccess.swift */; };
		9900245B2B7B62BA00F94DF7 /* CustomBackFragment.swift in Sources */ = {isa = PBXBuildFile; fileRef = 9900245A2B7B62BA00F94DF7 /* CustomBackFragment.swift */; };
		996334032B7AF55300E1EBAA /* PostView.swift in Sources */ = {isa = PBXBuildFile; fileRef = 996334022B7AF55300E1EBAA /* PostView.swift */; };
		996334052B7AF57E00E1EBAA /* OrderFulfillmentView.swift in Sources */ = {isa = PBXBuildFile; fileRef = 996334042B7AF57E00E1EBAA /* OrderFulfillmentView.swift */; };
		99B5E6CD2B75CAC700C0786A /* marketBayApp.swift in Sources */ = {isa = PBXBuildFile; fileRef = 99B5E6CC2B75CAC700C0786A /* marketBayApp.swift */; };
		99B5E6D12B75CACA00C0786A /* Assets.xcassets in Resources */ = {isa = PBXBuildFile; fileRef = 99B5E6D02B75CACA00C0786A /* Assets.xcassets */; };
		99B5E6D42B75CACA00C0786A /* Preview Assets.xcassets in Resources */ = {isa = PBXBuildFile; fileRef = 99B5E6D32B75CACA00C0786A /* Preview Assets.xcassets */; };
		99B5E6DB2B75CB0500C0786A /* DashboardView.swift in Sources */ = {isa = PBXBuildFile; fileRef = 99B5E6DA2B75CB0500C0786A /* DashboardView.swift */; };
		99B5E6DD2B75CC3700C0786A /* MenuTemplate.swift in Sources */ = {isa = PBXBuildFile; fileRef = 99B5E6DC2B75CC3700C0786A /* MenuTemplate.swift */; };
		99B5E6DF2B75CC9C00C0786A /* LoginView.swift in Sources */ = {isa = PBXBuildFile; fileRef = 99B5E6DE2B75CC9C00C0786A /* LoginView.swift */; };
		99B5E6E12B75CCBB00C0786A /* RegistrationView.swift in Sources */ = {isa = PBXBuildFile; fileRef = 99B5E6E02B75CCBB00C0786A /* RegistrationView.swift */; };
		99B5E6E32B75D28100C0786A /* FavoritesView.swift in Sources */ = {isa = PBXBuildFile; fileRef = 99B5E6E22B75D28100C0786A /* FavoritesView.swift */; };
		99B5E6E62B75D4BA00C0786A /* Screens.swift in Sources */ = {isa = PBXBuildFile; fileRef = 99B5E6E52B75D4BA00C0786A /* Screens.swift */; };
		99B5E6E82B75D57F00C0786A /* MyPostsView.swift in Sources */ = {isa = PBXBuildFile; fileRef = 99B5E6E72B75D57F00C0786A /* MyPostsView.swift */; };
		99B5E6EA2B75D5D700C0786A /* ProfileView.swift in Sources */ = {isa = PBXBuildFile; fileRef = 99B5E6E92B75D5D700C0786A /* ProfileView.swift */; };
		A6B0BE0C2B7AAF7E006A149A /* MarketplaceView.swift in Sources */ = {isa = PBXBuildFile; fileRef = A6B0BE0B2B7AAF7E006A149A /* MarketplaceView.swift */; };
		A6B0BE0E2B7AAFC0006A149A /* ListingView.swift in Sources */ = {isa = PBXBuildFile; fileRef = A6B0BE0D2B7AAFC0006A149A /* ListingView.swift */; };
		A6B0BE112B7AB341006A149A /* Listing.swift in Sources */ = {isa = PBXBuildFile; fileRef = A6B0BE102B7AB341006A149A /* Listing.swift */; };
		A6B0BE132B7AB34E006A149A /* User.swift in Sources */ = {isa = PBXBuildFile; fileRef = A6B0BE122B7AB34E006A149A /* User.swift */; };
		A6B0BE162B7AC15F006A149A /* CreatePostView.swift in Sources */ = {isa = PBXBuildFile; fileRef = A6B0BE152B7AC15F006A149A /* CreatePostView.swift */; };
/* End PBXBuildFile section */

/* Begin PBXFileReference section */
		821BC5AE2B7B03E000798E22 /* GlobalVars.swift */ = {isa = PBXFileReference; lastKnownFileType = sourcecode.swift; path = GlobalVars.swift; sourceTree = "<group>"; };
		990024542B7B2F9900F94DF7 /* BackMenuFragment.swift */ = {isa = PBXFileReference; lastKnownFileType = sourcecode.swift; path = BackMenuFragment.swift; sourceTree = "<group>"; };
		990024562B7B4C7E00F94DF7 /* UserDefaultsEnum.swift */ = {isa = PBXFileReference; lastKnownFileType = sourcecode.swift; path = UserDefaultsEnum.swift; sourceTree = "<group>"; };
		990024582B7B515700F94DF7 /* DataAccess.swift */ = {isa = PBXFileReference; lastKnownFileType = sourcecode.swift; path = DataAccess.swift; sourceTree = "<group>"; };
		9900245A2B7B62BA00F94DF7 /* CustomBackFragment.swift */ = {isa = PBXFileReference; lastKnownFileType = sourcecode.swift; path = CustomBackFragment.swift; sourceTree = "<group>"; };
		996334022B7AF55300E1EBAA /* PostView.swift */ = {isa = PBXFileReference; lastKnownFileType = sourcecode.swift; path = PostView.swift; sourceTree = "<group>"; };
		996334042B7AF57E00E1EBAA /* OrderFulfillmentView.swift */ = {isa = PBXFileReference; lastKnownFileType = sourcecode.swift; path = OrderFulfillmentView.swift; sourceTree = "<group>"; };
		99B5E6C92B75CAC700C0786A /* marketBay.app */ = {isa = PBXFileReference; explicitFileType = wrapper.application; includeInIndex = 0; path = marketBay.app; sourceTree = BUILT_PRODUCTS_DIR; };
		99B5E6CC2B75CAC700C0786A /* marketBayApp.swift */ = {isa = PBXFileReference; lastKnownFileType = sourcecode.swift; path = marketBayApp.swift; sourceTree = "<group>"; };
		99B5E6D02B75CACA00C0786A /* Assets.xcassets */ = {isa = PBXFileReference; lastKnownFileType = folder.assetcatalog; path = Assets.xcassets; sourceTree = "<group>"; };
		99B5E6D32B75CACA00C0786A /* Preview Assets.xcassets */ = {isa = PBXFileReference; lastKnownFileType = folder.assetcatalog; path = "Preview Assets.xcassets"; sourceTree = "<group>"; };
		99B5E6DA2B75CB0500C0786A /* DashboardView.swift */ = {isa = PBXFileReference; lastKnownFileType = sourcecode.swift; path = DashboardView.swift; sourceTree = "<group>"; };
		99B5E6DC2B75CC3700C0786A /* MenuTemplate.swift */ = {isa = PBXFileReference; lastKnownFileType = sourcecode.swift; path = MenuTemplate.swift; sourceTree = "<group>"; };
		99B5E6DE2B75CC9C00C0786A /* LoginView.swift */ = {isa = PBXFileReference; lastKnownFileType = sourcecode.swift; path = LoginView.swift; sourceTree = "<group>"; };
		99B5E6E02B75CCBB00C0786A /* RegistrationView.swift */ = {isa = PBXFileReference; lastKnownFileType = sourcecode.swift; path = RegistrationView.swift; sourceTree = "<group>"; };
		99B5E6E22B75D28100C0786A /* FavoritesView.swift */ = {isa = PBXFileReference; lastKnownFileType = sourcecode.swift; path = FavoritesView.swift; sourceTree = "<group>"; };
		99B5E6E52B75D4BA00C0786A /* Screens.swift */ = {isa = PBXFileReference; lastKnownFileType = sourcecode.swift; path = Screens.swift; sourceTree = "<group>"; };
		99B5E6E72B75D57F00C0786A /* MyPostsView.swift */ = {isa = PBXFileReference; lastKnownFileType = sourcecode.swift; path = MyPostsView.swift; sourceTree = "<group>"; };
		99B5E6E92B75D5D700C0786A /* ProfileView.swift */ = {isa = PBXFileReference; lastKnownFileType = sourcecode.swift; path = ProfileView.swift; sourceTree = "<group>"; };
		A6B0BE0B2B7AAF7E006A149A /* MarketplaceView.swift */ = {isa = PBXFileReference; lastKnownFileType = sourcecode.swift; path = MarketplaceView.swift; sourceTree = "<group>"; };
		A6B0BE0D2B7AAFC0006A149A /* ListingView.swift */ = {isa = PBXFileReference; lastKnownFileType = sourcecode.swift; path = ListingView.swift; sourceTree = "<group>"; };
		A6B0BE102B7AB341006A149A /* Listing.swift */ = {isa = PBXFileReference; lastKnownFileType = sourcecode.swift; path = Listing.swift; sourceTree = "<group>"; };
		A6B0BE122B7AB34E006A149A /* User.swift */ = {isa = PBXFileReference; lastKnownFileType = sourcecode.swift; path = User.swift; sourceTree = "<group>"; };
		A6B0BE152B7AC15F006A149A /* CreatePostView.swift */ = {isa = PBXFileReference; lastKnownFileType = sourcecode.swift; path = CreatePostView.swift; sourceTree = "<group>"; };
/* End PBXFileReference section */

/* Begin PBXFrameworksBuildPhase section */
		99B5E6C62B75CAC700C0786A /* Frameworks */ = {
			isa = PBXFrameworksBuildPhase;
			buildActionMask = 2147483647;
			files = (
			);
			runOnlyForDeploymentPostprocessing = 0;
		};
/* End PBXFrameworksBuildPhase section */

/* Begin PBXGroup section */
		996334062B7AF58200E1EBAA /* Selling */ = {
			isa = PBXGroup;
			children = (
				99B5E6E72B75D57F00C0786A /* MyPostsView.swift */,
				A6B0BE152B7AC15F006A149A /* CreatePostView.swift */,
				996334022B7AF55300E1EBAA /* PostView.swift */,
				996334042B7AF57E00E1EBAA /* OrderFulfillmentView.swift */,
			);
			path = Selling;
			sourceTree = "<group>";
		};
		99B5E6C02B75CAC700C0786A = {
			isa = PBXGroup;
			children = (
				99B5E6CB2B75CAC700C0786A /* marketBay */,
				99B5E6CA2B75CAC700C0786A /* Products */,
			);
			sourceTree = "<group>";
		};
		99B5E6CA2B75CAC700C0786A /* Products */ = {
			isa = PBXGroup;
			children = (
				99B5E6C92B75CAC700C0786A /* marketBay.app */,
			);
			name = Products;
			sourceTree = "<group>";
		};
		99B5E6CB2B75CAC700C0786A /* marketBay */ = {
			isa = PBXGroup;
			children = (
				99B5E6CC2B75CAC700C0786A /* marketBayApp.swift */,
				99B5E6EB2B75D64C00C0786A /* fragments */,
				99B5E6E42B75D4AE00C0786A /* enums */,
				A6B0BE142B7AB3C1006A149A /* Views */,
				A6B0BE0F2B7AB314006A149A /* Model */,
				99B5E6D02B75CACA00C0786A /* Assets.xcassets */,
				99B5E6D22B75CACA00C0786A /* Preview Content */,
			);
			path = marketBay;
			sourceTree = "<group>";
		};
		99B5E6D22B75CACA00C0786A /* Preview Content */ = {
			isa = PBXGroup;
			children = (
				99B5E6D32B75CACA00C0786A /* Preview Assets.xcassets */,
			);
			path = "Preview Content";
			sourceTree = "<group>";
		};
		99B5E6E42B75D4AE00C0786A /* enums */ = {
			isa = PBXGroup;
			children = (
				99B5E6E52B75D4BA00C0786A /* Screens.swift */,
				990024562B7B4C7E00F94DF7 /* UserDefaultsEnum.swift */,
			);
			path = enums;
			sourceTree = "<group>";
		};
		99B5E6EB2B75D64C00C0786A /* fragments */ = {
			isa = PBXGroup;
			children = (
				99B5E6DC2B75CC3700C0786A /* MenuTemplate.swift */,
				990024542B7B2F9900F94DF7 /* BackMenuFragment.swift */,
				9900245A2B7B62BA00F94DF7 /* CustomBackFragment.swift */,
			);
			path = fragments;
			sourceTree = "<group>";
		};
		A6B0BE0F2B7AB314006A149A /* Model */ = {
			isa = PBXGroup;
			children = (
				A6B0BE102B7AB341006A149A /* Listing.swift */,
				A6B0BE122B7AB34E006A149A /* User.swift */,
				821BC5AE2B7B03E000798E22 /* GlobalVars.swift */,
				990024582B7B515700F94DF7 /* DataAccess.swift */,
			);
			path = Model;
			sourceTree = "<group>";
		};
		A6B0BE142B7AB3C1006A149A /* Views */ = {
			isa = PBXGroup;
			children = (
				A6B0BE172B7B4B29006A149A /* General */,
				A6B0BE182B7B4B4A006A149A /* Authentication */,
				996334062B7AF58200E1EBAA /* Selling */,
			);
			path = Views;
			sourceTree = "<group>";
		};
		A6B0BE172B7B4B29006A149A /* General */ = {
			isa = PBXGroup;
			children = (
				99B5E6DA2B75CB0500C0786A /* DashboardView.swift */,
				A6B0BE0B2B7AAF7E006A149A /* MarketplaceView.swift */,
				A6B0BE0D2B7AAFC0006A149A /* ListingView.swift */,
				99B5E6E22B75D28100C0786A /* FavoritesView.swift */,
			);
			path = General;
			sourceTree = "<group>";
		};
		A6B0BE182B7B4B4A006A149A /* Authentication */ = {
			isa = PBXGroup;
			children = (
				99B5E6DE2B75CC9C00C0786A /* LoginView.swift */,
				99B5E6E02B75CCBB00C0786A /* RegistrationView.swift */,
				99B5E6E92B75D5D700C0786A /* ProfileView.swift */,
			);
			path = Authentication;
			sourceTree = "<group>";
		};
/* End PBXGroup section */

/* Begin PBXNativeTarget section */
		99B5E6C82B75CAC700C0786A /* marketBay */ = {
			isa = PBXNativeTarget;
			buildConfigurationList = 99B5E6D72B75CACA00C0786A /* Build configuration list for PBXNativeTarget "marketBay" */;
			buildPhases = (
				99B5E6C52B75CAC700C0786A /* Sources */,
				99B5E6C62B75CAC700C0786A /* Frameworks */,
				99B5E6C72B75CAC700C0786A /* Resources */,
			);
			buildRules = (
			);
			dependencies = (
			);
			name = marketBay;
			productName = marketBay;
			productReference = 99B5E6C92B75CAC700C0786A /* marketBay.app */;
			productType = "com.apple.product-type.application";
		};
/* End PBXNativeTarget section */

/* Begin PBXProject section */
		99B5E6C12B75CAC700C0786A /* Project object */ = {
			isa = PBXProject;
			attributes = {
				BuildIndependentTargetsInParallel = 1;
				LastSwiftUpdateCheck = 1520;
				LastUpgradeCheck = 1520;
				TargetAttributes = {
					99B5E6C82B75CAC700C0786A = {
						CreatedOnToolsVersion = 15.2;
					};
				};
			};
			buildConfigurationList = 99B5E6C42B75CAC700C0786A /* Build configuration list for PBXProject "marketBay" */;
			compatibilityVersion = "Xcode 14.0";
			developmentRegion = en;
			hasScannedForEncodings = 0;
			knownRegions = (
				en,
				Base,
			);
			mainGroup = 99B5E6C02B75CAC700C0786A;
			productRefGroup = 99B5E6CA2B75CAC700C0786A /* Products */;
			projectDirPath = "";
			projectRoot = "";
			targets = (
				99B5E6C82B75CAC700C0786A /* marketBay */,
			);
		};
/* End PBXProject section */

/* Begin PBXResourcesBuildPhase section */
		99B5E6C72B75CAC700C0786A /* Resources */ = {
			isa = PBXResourcesBuildPhase;
			buildActionMask = 2147483647;
			files = (
				99B5E6D42B75CACA00C0786A /* Preview Assets.xcassets in Resources */,
				99B5E6D12B75CACA00C0786A /* Assets.xcassets in Resources */,
			);
			runOnlyForDeploymentPostprocessing = 0;
		};
/* End PBXResourcesBuildPhase section */

/* Begin PBXSourcesBuildPhase section */
		99B5E6C52B75CAC700C0786A /* Sources */ = {
			isa = PBXSourcesBuildPhase;
			buildActionMask = 2147483647;
			files = (
				A6B0BE132B7AB34E006A149A /* User.swift in Sources */,
				99B5E6DD2B75CC3700C0786A /* MenuTemplate.swift in Sources */,
				990024552B7B2F9900F94DF7 /* BackMenuFragment.swift in Sources */,
				990024572B7B4C7E00F94DF7 /* UserDefaultsEnum.swift in Sources */,
				99B5E6EA2B75D5D700C0786A /* ProfileView.swift in Sources */,
				A6B0BE0C2B7AAF7E006A149A /* MarketplaceView.swift in Sources */,
				821BC5AF2B7B03E000798E22 /* GlobalVars.swift in Sources */,
				99B5E6DB2B75CB0500C0786A /* DashboardView.swift in Sources */,
				99B5E6E32B75D28100C0786A /* FavoritesView.swift in Sources */,
				A6B0BE162B7AC15F006A149A /* CreatePostView.swift in Sources */,
				99B5E6DF2B75CC9C00C0786A /* LoginView.swift in Sources */,
				99B5E6E62B75D4BA00C0786A /* Screens.swift in Sources */,
				9900245B2B7B62BA00F94DF7 /* CustomBackFragment.swift in Sources */,
				99B5E6CD2B75CAC700C0786A /* marketBayApp.swift in Sources */,
				99B5E6E82B75D57F00C0786A /* MyPostsView.swift in Sources */,
				A6B0BE0E2B7AAFC0006A149A /* ListingView.swift in Sources */,
				A6B0BE112B7AB341006A149A /* Listing.swift in Sources */,
				996334032B7AF55300E1EBAA /* PostView.swift in Sources */,
				996334052B7AF57E00E1EBAA /* OrderFulfillmentView.swift in Sources */,
				99B5E6E12B75CCBB00C0786A /* RegistrationView.swift in Sources */,
				990024592B7B515700F94DF7 /* DataAccess.swift in Sources */,
			);
			runOnlyForDeploymentPostprocessing = 0;
		};
/* End PBXSourcesBuildPhase section */

/* Begin XCBuildConfiguration section */
		99B5E6D52B75CACA00C0786A /* Debug */ = {
			isa = XCBuildConfiguration;
			buildSettings = {
				ALWAYS_SEARCH_USER_PATHS = NO;
				ASSETCATALOG_COMPILER_GENERATE_SWIFT_ASSET_SYMBOL_EXTENSIONS = YES;
				CLANG_ANALYZER_NONNULL = YES;
				CLANG_ANALYZER_NUMBER_OBJECT_CONVERSION = YES_AGGRESSIVE;
				CLANG_CXX_LANGUAGE_STANDARD = "gnu++20";
				CLANG_ENABLE_MODULES = YES;
				CLANG_ENABLE_OBJC_ARC = YES;
				CLANG_ENABLE_OBJC_WEAK = YES;
				CLANG_WARN_BLOCK_CAPTURE_AUTORELEASING = YES;
				CLANG_WARN_BOOL_CONVERSION = YES;
				CLANG_WARN_COMMA = YES;
				CLANG_WARN_CONSTANT_CONVERSION = YES;
				CLANG_WARN_DEPRECATED_OBJC_IMPLEMENTATIONS = YES;
				CLANG_WARN_DIRECT_OBJC_ISA_USAGE = YES_ERROR;
				CLANG_WARN_DOCUMENTATION_COMMENTS = YES;
				CLANG_WARN_EMPTY_BODY = YES;
				CLANG_WARN_ENUM_CONVERSION = YES;
				CLANG_WARN_INFINITE_RECURSION = YES;
				CLANG_WARN_INT_CONVERSION = YES;
				CLANG_WARN_NON_LITERAL_NULL_CONVERSION = YES;
				CLANG_WARN_OBJC_IMPLICIT_RETAIN_SELF = YES;
				CLANG_WARN_OBJC_LITERAL_CONVERSION = YES;
				CLANG_WARN_OBJC_ROOT_CLASS = YES_ERROR;
				CLANG_WARN_QUOTED_INCLUDE_IN_FRAMEWORK_HEADER = YES;
				CLANG_WARN_RANGE_LOOP_ANALYSIS = YES;
				CLANG_WARN_STRICT_PROTOTYPES = YES;
				CLANG_WARN_SUSPICIOUS_MOVE = YES;
				CLANG_WARN_UNGUARDED_AVAILABILITY = YES_AGGRESSIVE;
				CLANG_WARN_UNREACHABLE_CODE = YES;
				CLANG_WARN__DUPLICATE_METHOD_MATCH = YES;
				COPY_PHASE_STRIP = NO;
				DEBUG_INFORMATION_FORMAT = dwarf;
				ENABLE_STRICT_OBJC_MSGSEND = YES;
				ENABLE_TESTABILITY = YES;
				ENABLE_USER_SCRIPT_SANDBOXING = YES;
				GCC_C_LANGUAGE_STANDARD = gnu17;
				GCC_DYNAMIC_NO_PIC = NO;
				GCC_NO_COMMON_BLOCKS = YES;
				GCC_OPTIMIZATION_LEVEL = 0;
				GCC_PREPROCESSOR_DEFINITIONS = (
					"DEBUG=1",
					"$(inherited)",
				);
				GCC_WARN_64_TO_32_BIT_CONVERSION = YES;
				GCC_WARN_ABOUT_RETURN_TYPE = YES_ERROR;
				GCC_WARN_UNDECLARED_SELECTOR = YES;
				GCC_WARN_UNINITIALIZED_AUTOS = YES_AGGRESSIVE;
				GCC_WARN_UNUSED_FUNCTION = YES;
				GCC_WARN_UNUSED_VARIABLE = YES;
				IPHONEOS_DEPLOYMENT_TARGET = 17.2;
				LOCALIZATION_PREFERS_STRING_CATALOGS = YES;
				MTL_ENABLE_DEBUG_INFO = INCLUDE_SOURCE;
				MTL_FAST_MATH = YES;
				ONLY_ACTIVE_ARCH = YES;
				SDKROOT = iphoneos;
				SWIFT_ACTIVE_COMPILATION_CONDITIONS = "DEBUG $(inherited)";
				SWIFT_OPTIMIZATION_LEVEL = "-Onone";
			};
			name = Debug;
		};
		99B5E6D62B75CACA00C0786A /* Release */ = {
			isa = XCBuildConfiguration;
			buildSettings = {
				ALWAYS_SEARCH_USER_PATHS = NO;
				ASSETCATALOG_COMPILER_GENERATE_SWIFT_ASSET_SYMBOL_EXTENSIONS = YES;
				CLANG_ANALYZER_NONNULL = YES;
				CLANG_ANALYZER_NUMBER_OBJECT_CONVERSION = YES_AGGRESSIVE;
				CLANG_CXX_LANGUAGE_STANDARD = "gnu++20";
				CLANG_ENABLE_MODULES = YES;
				CLANG_ENABLE_OBJC_ARC = YES;
				CLANG_ENABLE_OBJC_WEAK = YES;
				CLANG_WARN_BLOCK_CAPTURE_AUTORELEASING = YES;
				CLANG_WARN_BOOL_CONVERSION = YES;
				CLANG_WARN_COMMA = YES;
				CLANG_WARN_CONSTANT_CONVERSION = YES;
				CLANG_WARN_DEPRECATED_OBJC_IMPLEMENTATIONS = YES;
				CLANG_WARN_DIRECT_OBJC_ISA_USAGE = YES_ERROR;
				CLANG_WARN_DOCUMENTATION_COMMENTS = YES;
				CLANG_WARN_EMPTY_BODY = YES;
				CLANG_WARN_ENUM_CONVERSION = YES;
				CLANG_WARN_INFINITE_RECURSION = YES;
				CLANG_WARN_INT_CONVERSION = YES;
				CLANG_WARN_NON_LITERAL_NULL_CONVERSION = YES;
				CLANG_WARN_OBJC_IMPLICIT_RETAIN_SELF = YES;
				CLANG_WARN_OBJC_LITERAL_CONVERSION = YES;
				CLANG_WARN_OBJC_ROOT_CLASS = YES_ERROR;
				CLANG_WARN_QUOTED_INCLUDE_IN_FRAMEWORK_HEADER = YES;
				CLANG_WARN_RANGE_LOOP_ANALYSIS = YES;
				CLANG_WARN_STRICT_PROTOTYPES = YES;
				CLANG_WARN_SUSPICIOUS_MOVE = YES;
				CLANG_WARN_UNGUARDED_AVAILABILITY = YES_AGGRESSIVE;
				CLANG_WARN_UNREACHABLE_CODE = YES;
				CLANG_WARN__DUPLICATE_METHOD_MATCH = YES;
				COPY_PHASE_STRIP = NO;
				DEBUG_INFORMATION_FORMAT = "dwarf-with-dsym";
				ENABLE_NS_ASSERTIONS = NO;
				ENABLE_STRICT_OBJC_MSGSEND = YES;
				ENABLE_USER_SCRIPT_SANDBOXING = YES;
				GCC_C_LANGUAGE_STANDARD = gnu17;
				GCC_NO_COMMON_BLOCKS = YES;
				GCC_WARN_64_TO_32_BIT_CONVERSION = YES;
				GCC_WARN_ABOUT_RETURN_TYPE = YES_ERROR;
				GCC_WARN_UNDECLARED_SELECTOR = YES;
				GCC_WARN_UNINITIALIZED_AUTOS = YES_AGGRESSIVE;
				GCC_WARN_UNUSED_FUNCTION = YES;
				GCC_WARN_UNUSED_VARIABLE = YES;
				IPHONEOS_DEPLOYMENT_TARGET = 17.2;
				LOCALIZATION_PREFERS_STRING_CATALOGS = YES;
				MTL_ENABLE_DEBUG_INFO = NO;
				MTL_FAST_MATH = YES;
				SDKROOT = iphoneos;
				SWIFT_COMPILATION_MODE = wholemodule;
				VALIDATE_PRODUCT = YES;
			};
			name = Release;
		};
		99B5E6D82B75CACA00C0786A /* Debug */ = {
			isa = XCBuildConfiguration;
			buildSettings = {
				ASSETCATALOG_COMPILER_APPICON_NAME = AppIcon;
				ASSETCATALOG_COMPILER_GLOBAL_ACCENT_COLOR_NAME = AccentColor;
				CODE_SIGN_STYLE = Automatic;
				CURRENT_PROJECT_VERSION = 1;
				DEVELOPMENT_ASSET_PATHS = "\"marketBay/Preview Content\"";
				DEVELOPMENT_TEAM = W83ZFFV5H6;
				ENABLE_PREVIEWS = YES;
				GENERATE_INFOPLIST_FILE = YES;
				INFOPLIST_KEY_UIApplicationSceneManifest_Generation = YES;
				INFOPLIST_KEY_UIApplicationSupportsIndirectInputEvents = YES;
				INFOPLIST_KEY_UILaunchScreen_Generation = YES;
				INFOPLIST_KEY_UISupportedInterfaceOrientations_iPad = "UIInterfaceOrientationPortrait UIInterfaceOrientationPortraitUpsideDown UIInterfaceOrientationLandscapeLeft UIInterfaceOrientationLandscapeRight";
				INFOPLIST_KEY_UISupportedInterfaceOrientations_iPhone = "UIInterfaceOrientationPortrait UIInterfaceOrientationLandscapeLeft UIInterfaceOrientationLandscapeRight";
				LD_RUNPATH_SEARCH_PATHS = (
					"$(inherited)",
					"@executable_path/Frameworks",
				);
				MARKETING_VERSION = 1.0;
				PRODUCT_BUNDLE_IDENTIFIER = com.groupthree.marketBay;
				PRODUCT_NAME = "$(TARGET_NAME)";
				SWIFT_EMIT_LOC_STRINGS = YES;
				SWIFT_VERSION = 5.0;
				TARGETED_DEVICE_FAMILY = "1,2";
			};
			name = Debug;
		};
		99B5E6D92B75CACA00C0786A /* Release */ = {
			isa = XCBuildConfiguration;
			buildSettings = {
				ASSETCATALOG_COMPILER_APPICON_NAME = AppIcon;
				ASSETCATALOG_COMPILER_GLOBAL_ACCENT_COLOR_NAME = AccentColor;
				CODE_SIGN_STYLE = Automatic;
				CURRENT_PROJECT_VERSION = 1;
				DEVELOPMENT_ASSET_PATHS = "\"marketBay/Preview Content\"";
				DEVELOPMENT_TEAM = W83ZFFV5H6;
				ENABLE_PREVIEWS = YES;
				GENERATE_INFOPLIST_FILE = YES;
				INFOPLIST_KEY_UIApplicationSceneManifest_Generation = YES;
				INFOPLIST_KEY_UIApplicationSupportsIndirectInputEvents = YES;
				INFOPLIST_KEY_UILaunchScreen_Generation = YES;
				INFOPLIST_KEY_UISupportedInterfaceOrientations_iPad = "UIInterfaceOrientationPortrait UIInterfaceOrientationPortraitUpsideDown UIInterfaceOrientationLandscapeLeft UIInterfaceOrientationLandscapeRight";
				INFOPLIST_KEY_UISupportedInterfaceOrientations_iPhone = "UIInterfaceOrientationPortrait UIInterfaceOrientationLandscapeLeft UIInterfaceOrientationLandscapeRight";
				LD_RUNPATH_SEARCH_PATHS = (
					"$(inherited)",
					"@executable_path/Frameworks",
				);
				MARKETING_VERSION = 1.0;
				PRODUCT_BUNDLE_IDENTIFIER = com.groupthree.marketBay;
				PRODUCT_NAME = "$(TARGET_NAME)";
				SWIFT_EMIT_LOC_STRINGS = YES;
				SWIFT_VERSION = 5.0;
				TARGETED_DEVICE_FAMILY = "1,2";
			};
			name = Release;
		};
/* End XCBuildConfiguration section */

/* Begin XCConfigurationList section */
		99B5E6C42B75CAC700C0786A /* Build configuration list for PBXProject "marketBay" */ = {
			isa = XCConfigurationList;
			buildConfigurations = (
				99B5E6D52B75CACA00C0786A /* Debug */,
				99B5E6D62B75CACA00C0786A /* Release */,
			);
			defaultConfigurationIsVisible = 0;
			defaultConfigurationName = Release;
		};
		99B5E6D72B75CACA00C0786A /* Build configuration list for PBXNativeTarget "marketBay" */ = {
			isa = XCConfigurationList;
			buildConfigurations = (
				99B5E6D82B75CACA00C0786A /* Debug */,
				99B5E6D92B75CACA00C0786A /* Release */,
			);
			defaultConfigurationIsVisible = 0;
			defaultConfigurationName = Release;
		};
/* End XCConfigurationList section */
	};
	rootObject = 99B5E6C12B75CAC700C0786A /* Project object */;
}
